// !$*UTF8*$!
{
	archiveVersion = 1;
	classes = {
	};
	objectVersion = 56;
	objects = {

/* Begin PBXBuildFile section */
		D66649802B7ACC5500FF3A75 /* Notes Watch App.app in Embed Watch Content */ = {isa = PBXBuildFile; fileRef = D666497F2B7ACC5500FF3A75 /* Notes Watch App.app */; settings = {ATTRIBUTES = (RemoveHeadersOnCopy, ); }; };
		D66649852B7ACC5500FF3A75 /* NotesApp.swift in Sources */ = {isa = PBXBuildFile; fileRef = D66649842B7ACC5500FF3A75 /* NotesApp.swift */; };
		D66649872B7ACC5500FF3A75 /* ContentView.swift in Sources */ = {isa = PBXBuildFile; fileRef = D66649862B7ACC5500FF3A75 /* ContentView.swift */; };
		D66649892B7ACC5600FF3A75 /* Assets.xcassets in Resources */ = {isa = PBXBuildFile; fileRef = D66649882B7ACC5600FF3A75 /* Assets.xcassets */; };
		D666498C2B7ACC5600FF3A75 /* Preview Assets.xcassets in Resources */ = {isa = PBXBuildFile; fileRef = D666498B2B7ACC5600FF3A75 /* Preview Assets.xcassets */; };
		D66649992B7ACF9D00FF3A75 /* Note.swift in Sources */ = {isa = PBXBuildFile; fileRef = D66649982B7ACF9D00FF3A75 /* Note.swift */; };
		D6D6D8A62B7BFFAC00900C77 /* DetailView.swift in Sources */ = {isa = PBXBuildFile; fileRef = D6D6D8A52B7BFFAC00900C77 /* DetailView.swift */; };
		D6F3A8A62B7CB8D200C20895 /* CreditsView.swift in Sources */ = {isa = PBXBuildFile; fileRef = D6F3A8A52B7CB8D200C20895 /* CreditsView.swift */; };
		D6F3A8A92B7CB97500C20895 /* HeaderView.swift in Sources */ = {isa = PBXBuildFile; fileRef = D6F3A8A82B7CB97500C20895 /* HeaderView.swift */; };
/* End PBXBuildFile section */

/* Begin PBXContainerItemProxy section */
		D66649812B7ACC5500FF3A75 /* PBXContainerItemProxy */ = {
			isa = PBXContainerItemProxy;
			containerPortal = D66649732B7ACC5400FF3A75 /* Project object */;
			proxyType = 1;
			remoteGlobalIDString = D666497E2B7ACC5500FF3A75;
			remoteInfo = "Notes Watch App";
		};
/* End PBXContainerItemProxy section */

/* Begin PBXCopyFilesBuildPhase section */
		D66649922B7ACC5600FF3A75 /* Embed Watch Content */ = {
			isa = PBXCopyFilesBuildPhase;
			buildActionMask = 2147483647;
			dstPath = "$(CONTENTS_FOLDER_PATH)/Watch";
			dstSubfolderSpec = 16;
			files = (
				D66649802B7ACC5500FF3A75 /* Notes Watch App.app in Embed Watch Content */,
			);
			name = "Embed Watch Content";
			runOnlyForDeploymentPostprocessing = 0;
		};
/* End PBXCopyFilesBuildPhase section */

/* Begin PBXFileReference section */
		D66649792B7ACC5500FF3A75 /* Notes.app */ = {isa = PBXFileReference; explicitFileType = wrapper.application; includeInIndex = 0; path = Notes.app; sourceTree = BUILT_PRODUCTS_DIR; };
		D666497F2B7ACC5500FF3A75 /* Notes Watch App.app */ = {isa = PBXFileReference; explicitFileType = wrapper.application; includeInIndex = 0; path = "Notes Watch App.app"; sourceTree = BUILT_PRODUCTS_DIR; };
		D66649842B7ACC5500FF3A75 /* NotesApp.swift */ = {isa = PBXFileReference; lastKnownFileType = sourcecode.swift; path = NotesApp.swift; sourceTree = "<group>"; };
		D66649862B7ACC5500FF3A75 /* ContentView.swift */ = {isa = PBXFileReference; lastKnownFileType = sourcecode.swift; path = ContentView.swift; sourceTree = "<group>"; };
		D66649882B7ACC5600FF3A75 /* Assets.xcassets */ = {isa = PBXFileReference; lastKnownFileType = folder.assetcatalog; path = Assets.xcassets; sourceTree = "<group>"; };
		D666498B2B7ACC5600FF3A75 /* Preview Assets.xcassets */ = {isa = PBXFileReference; lastKnownFileType = folder.assetcatalog; path = "Preview Assets.xcassets"; sourceTree = "<group>"; };
		D66649982B7ACF9D00FF3A75 /* Note.swift */ = {isa = PBXFileReference; lastKnownFileType = sourcecode.swift; path = Note.swift; sourceTree = "<group>"; };
		D6D6D8A52B7BFFAC00900C77 /* DetailView.swift */ = {isa = PBXFileReference; lastKnownFileType = sourcecode.swift; path = DetailView.swift; sourceTree = "<group>"; };
		D6F3A8A52B7CB8D200C20895 /* CreditsView.swift */ = {isa = PBXFileReference; lastKnownFileType = sourcecode.swift; path = CreditsView.swift; sourceTree = "<group>"; };
		D6F3A8A82B7CB97500C20895 /* HeaderView.swift */ = {isa = PBXFileReference; lastKnownFileType = sourcecode.swift; path = HeaderView.swift; sourceTree = "<group>"; };
/* End PBXFileReference section */

/* Begin PBXFrameworksBuildPhase section */
		D666497C2B7ACC5500FF3A75 /* Frameworks */ = {
			isa = PBXFrameworksBuildPhase;
			buildActionMask = 2147483647;
			files = (
			);
			runOnlyForDeploymentPostprocessing = 0;
		};
/* End PBXFrameworksBuildPhase section */

/* Begin PBXGroup section */
		D66649722B7ACC5400FF3A75 = {
			isa = PBXGroup;
			children = (
				D66649832B7ACC5500FF3A75 /* Notes Watch App */,
				D666497A2B7ACC5500FF3A75 /* Products */,
			);
			sourceTree = "<group>";
		};
		D666497A2B7ACC5500FF3A75 /* Products */ = {
			isa = PBXGroup;
			children = (
				D66649792B7ACC5500FF3A75 /* Notes.app */,
				D666497F2B7ACC5500FF3A75 /* Notes Watch App.app */,
			);
			name = Products;
			sourceTree = "<group>";
		};
		D66649832B7ACC5500FF3A75 /* Notes Watch App */ = {
			isa = PBXGroup;
			children = (
				D6F3A8A72B7CB95A00C20895 /* Component */,
				D66649972B7ACF8000FF3A75 /* Model */,
				D66649842B7ACC5500FF3A75 /* NotesApp.swift */,
				D66649962B7ACF7600FF3A75 /* View */,
				D66649882B7ACC5600FF3A75 /* Assets.xcassets */,
				D666498A2B7ACC5600FF3A75 /* Preview Content */,
			);
			path = "Notes Watch App";
			sourceTree = "<group>";
		};
		D666498A2B7ACC5600FF3A75 /* Preview Content */ = {
			isa = PBXGroup;
			children = (
				D666498B2B7ACC5600FF3A75 /* Preview Assets.xcassets */,
			);
			path = "Preview Content";
			sourceTree = "<group>";
		};
		D66649962B7ACF7600FF3A75 /* View */ = {
			isa = PBXGroup;
			children = (
				D66649862B7ACC5500FF3A75 /* ContentView.swift */,
				D6D6D8A52B7BFFAC00900C77 /* DetailView.swift */,
				D6F3A8A52B7CB8D200C20895 /* CreditsView.swift */,
			);
			path = View;
			sourceTree = "<group>";
		};
		D66649972B7ACF8000FF3A75 /* Model */ = {
			isa = PBXGroup;
			children = (
				D66649982B7ACF9D00FF3A75 /* Note.swift */,
			);
			path = Model;
			sourceTree = "<group>";
		};
		D6F3A8A72B7CB95A00C20895 /* Component */ = {
			isa = PBXGroup;
			children = (
				D6F3A8A82B7CB97500C20895 /* HeaderView.swift */,
			);
			path = Component;
			sourceTree = "<group>";
		};
/* End PBXGroup section */

/* Begin PBXNativeTarget section */
		D66649782B7ACC5500FF3A75 /* Notes */ = {
			isa = PBXNativeTarget;
			buildConfigurationList = D66649932B7ACC5600FF3A75 /* Build configuration list for PBXNativeTarget "Notes" */;
			buildPhases = (
				D66649772B7ACC5500FF3A75 /* Resources */,
				D66649922B7ACC5600FF3A75 /* Embed Watch Content */,
			);
			buildRules = (
			);
			dependencies = (
				D66649822B7ACC5500FF3A75 /* PBXTargetDependency */,
			);
			name = Notes;
			productName = Notes;
			productReference = D66649792B7ACC5500FF3A75 /* Notes.app */;
			productType = "com.apple.product-type.application.watchapp2-container";
		};
		D666497E2B7ACC5500FF3A75 /* Notes Watch App */ = {
			isa = PBXNativeTarget;
			buildConfigurationList = D666498F2B7ACC5600FF3A75 /* Build configuration list for PBXNativeTarget "Notes Watch App" */;
			buildPhases = (
				D666497B2B7ACC5500FF3A75 /* Sources */,
				D666497C2B7ACC5500FF3A75 /* Frameworks */,
				D666497D2B7ACC5500FF3A75 /* Resources */,
			);
			buildRules = (
			);
			dependencies = (
			);
			name = "Notes Watch App";
			productName = "Notes Watch App";
			productReference = D666497F2B7ACC5500FF3A75 /* Notes Watch App.app */;
			productType = "com.apple.product-type.application";
		};
/* End PBXNativeTarget section */

/* Begin PBXProject section */
		D66649732B7ACC5400FF3A75 /* Project object */ = {
			isa = PBXProject;
			attributes = {
				BuildIndependentTargetsInParallel = 1;
				LastSwiftUpdateCheck = 1520;
				LastUpgradeCheck = 1520;
				TargetAttributes = {
					D66649782B7ACC5500FF3A75 = {
						CreatedOnToolsVersion = 15.2;
					};
					D666497E2B7ACC5500FF3A75 = {
						CreatedOnToolsVersion = 15.2;
					};
				};
			};
			buildConfigurationList = D66649762B7ACC5400FF3A75 /* Build configuration list for PBXProject "Notes" */;
			compatibilityVersion = "Xcode 14.0";
			developmentRegion = en;
			hasScannedForEncodings = 0;
			knownRegions = (
				en,
				Base,
			);
			mainGroup = D66649722B7ACC5400FF3A75;
			productRefGroup = D666497A2B7ACC5500FF3A75 /* Products */;
			projectDirPath = "";
			projectRoot = "";
			targets = (
				D66649782B7ACC5500FF3A75 /* Notes */,
				D666497E2B7ACC5500FF3A75 /* Notes Watch App */,
			);
		};
/* End PBXProject section */

/* Begin PBXResourcesBuildPhase section */
		D66649772B7ACC5500FF3A75 /* Resources */ = {
			isa = PBXResourcesBuildPhase;
			buildActionMask = 2147483647;
			files = (
			);
			runOnlyForDeploymentPostprocessing = 0;
		};
		D666497D2B7ACC5500FF3A75 /* Resources */ = {
			isa = PBXResourcesBuildPhase;
			buildActionMask = 2147483647;
			files = (
				D666498C2B7ACC5600FF3A75 /* Preview Assets.xcassets in Resources */,
				D66649892B7ACC5600FF3A75 /* Assets.xcassets in Resources */,
			);
			runOnlyForDeploymentPostprocessing = 0;
		};
/* End PBXResourcesBuildPhase section */

/* Begin PBXSourcesBuildPhase section */
		D666497B2B7ACC5500FF3A75 /* Sources */ = {
			isa = PBXSourcesBuildPhase;
			buildActionMask = 2147483647;
			files = (
				D66649872B7ACC5500FF3A75 /* ContentView.swift in Sources */,
				D6F3A8A92B7CB97500C20895 /* HeaderView.swift in Sources */,
				D6D6D8A62B7BFFAC00900C77 /* DetailView.swift in Sources */,
				D66649852B7ACC5500FF3A75 /* NotesApp.swift in Sources */,
				D6F3A8A62B7CB8D200C20895 /* CreditsView.swift in Sources */,
				D66649992B7ACF9D00FF3A75 /* Note.swift in Sources */,
			);
			runOnlyForDeploymentPostprocessing = 0;
		};
/* End PBXSourcesBuildPhase section */

/* Begin PBXTargetDependency section */
		D66649822B7ACC5500FF3A75 /* PBXTargetDependency */ = {
			isa = PBXTargetDependency;
			target = D666497E2B7ACC5500FF3A75 /* Notes Watch App */;
			targetProxy = D66649812B7ACC5500FF3A75 /* PBXContainerItemProxy */;
		};
/* End PBXTargetDependency section */

/* Begin XCBuildConfiguration section */
		D666498D2B7ACC5600FF3A75 /* Debug */ = {
			isa = XCBuildConfiguration;
			buildSettings = {
				ALWAYS_SEARCH_USER_PATHS = NO;
				ASSETCATALOG_COMPILER_GENERATE_SWIFT_ASSET_SYMBOL_EXTENSIONS = YES;
				CLANG_ANALYZER_NONNULL = YES;
				CLANG_ANALYZER_NUMBER_OBJECT_CONVERSION = YES_AGGRESSIVE;
				CLANG_CXX_LANGUAGE_STANDARD = "gnu++20";
				CLANG_ENABLE_MODULES = YES;
				CLANG_ENABLE_OBJC_ARC = YES;
				CLANG_ENABLE_OBJC_WEAK = YES;
				CLANG_WARN_BLOCK_CAPTURE_AUTORELEASING = YES;
				CLANG_WARN_BOOL_CONVERSION = YES;
				CLANG_WARN_COMMA = YES;
				CLANG_WARN_CONSTANT_CONVERSION = YES;
				CLANG_WARN_DEPRECATED_OBJC_IMPLEMENTATIONS = YES;
				CLANG_WARN_DIRECT_OBJC_ISA_USAGE = YES_ERROR;
				CLANG_WARN_DOCUMENTATION_COMMENTS = YES;
				CLANG_WARN_EMPTY_BODY = YES;
				CLANG_WARN_ENUM_CONVERSION = YES;
				CLANG_WARN_INFINITE_RECURSION = YES;
				CLANG_WARN_INT_CONVERSION = YES;
				CLANG_WARN_NON_LITERAL_NULL_CONVERSION = YES;
				CLANG_WARN_OBJC_IMPLICIT_RETAIN_SELF = YES;
				CLANG_WARN_OBJC_LITERAL_CONVERSION = YES;
				CLANG_WARN_OBJC_ROOT_CLASS = YES_ERROR;
				CLANG_WARN_QUOTED_INCLUDE_IN_FRAMEWORK_HEADER = YES;
				CLANG_WARN_RANGE_LOOP_ANALYSIS = YES;
				CLANG_WARN_STRICT_PROTOTYPES = YES;
				CLANG_WARN_SUSPICIOUS_MOVE = YES;
				CLANG_WARN_UNGUARDED_AVAILABILITY = YES_AGGRESSIVE;
				CLANG_WARN_UNREACHABLE_CODE = YES;
				CLANG_WARN__DUPLICATE_METHOD_MATCH = YES;
				COPY_PHASE_STRIP = NO;
				DEBUG_INFORMATION_FORMAT = dwarf;
				ENABLE_STRICT_OBJC_MSGSEND = YES;
				ENABLE_TESTABILITY = YES;
				ENABLE_USER_SCRIPT_SANDBOXING = YES;
				GCC_C_LANGUAGE_STANDARD = gnu17;
				GCC_DYNAMIC_NO_PIC = NO;
				GCC_NO_COMMON_BLOCKS = YES;
				GCC_OPTIMIZATION_LEVEL = 0;
				GCC_PREPROCESSOR_DEFINITIONS = (
					"DEBUG=1",
					"$(inherited)",
				);
				GCC_WARN_64_TO_32_BIT_CONVERSION = YES;
				GCC_WARN_ABOUT_RETURN_TYPE = YES_ERROR;
				GCC_WARN_UNDECLARED_SELECTOR = YES;
				GCC_WARN_UNINITIALIZED_AUTOS = YES_AGGRESSIVE;
				GCC_WARN_UNUSED_FUNCTION = YES;
				GCC_WARN_UNUSED_VARIABLE = YES;
				LOCALIZATION_PREFERS_STRING_CATALOGS = YES;
				MTL_ENABLE_DEBUG_INFO = INCLUDE_SOURCE;
				MTL_FAST_MATH = YES;
				ONLY_ACTIVE_ARCH = YES;
				SWIFT_ACTIVE_COMPILATION_CONDITIONS = "DEBUG $(inherited)";
				SWIFT_OPTIMIZATION_LEVEL = "-Onone";
			};
			name = Debug;
		};
		D666498E2B7ACC5600FF3A75 /* Release */ = {
			isa = XCBuildConfiguration;
			buildSettings = {
				ALWAYS_SEARCH_USER_PATHS = NO;
				ASSETCATALOG_COMPILER_GENERATE_SWIFT_ASSET_SYMBOL_EXTENSIONS = YES;
				CLANG_ANALYZER_NONNULL = YES;
				CLANG_ANALYZER_NUMBER_OBJECT_CONVERSION = YES_AGGRESSIVE;
				CLANG_CXX_LANGUAGE_STANDARD = "gnu++20";
				CLANG_ENABLE_MODULES = YES;
				CLANG_ENABLE_OBJC_ARC = YES;
				CLANG_ENABLE_OBJC_WEAK = YES;
				CLANG_WARN_BLOCK_CAPTURE_AUTORELEASING = YES;
				CLANG_WARN_BOOL_CONVERSION = YES;
				CLANG_WARN_COMMA = YES;
				CLANG_WARN_CONSTANT_CONVERSION = YES;
				CLANG_WARN_DEPRECATED_OBJC_IMPLEMENTATIONS = YES;
				CLANG_WARN_DIRECT_OBJC_ISA_USAGE = YES_ERROR;
				CLANG_WARN_DOCUMENTATION_COMMENTS = YES;
				CLANG_WARN_EMPTY_BODY = YES;
				CLANG_WARN_ENUM_CONVERSION = YES;
				CLANG_WARN_INFINITE_RECURSION = YES;
				CLANG_WARN_INT_CONVERSION = YES;
				CLANG_WARN_NON_LITERAL_NULL_CONVERSION = YES;
				CLANG_WARN_OBJC_IMPLICIT_RETAIN_SELF = YES;
				CLANG_WARN_OBJC_LITERAL_CONVERSION = YES;
				CLANG_WARN_OBJC_ROOT_CLASS = YES_ERROR;
				CLANG_WARN_QUOTED_INCLUDE_IN_FRAMEWORK_HEADER = YES;
				CLANG_WARN_RANGE_LOOP_ANALYSIS = YES;
				CLANG_WARN_STRICT_PROTOTYPES = YES;
				CLANG_WARN_SUSPICIOUS_MOVE = YES;
				CLANG_WARN_UNGUARDED_AVAILABILITY = YES_AGGRESSIVE;
				CLANG_WARN_UNREACHABLE_CODE = YES;
				CLANG_WARN__DUPLICATE_METHOD_MATCH = YES;
				COPY_PHASE_STRIP = NO;
				DEBUG_INFORMATION_FORMAT = "dwarf-with-dsym";
				ENABLE_NS_ASSERTIONS = NO;
				ENABLE_STRICT_OBJC_MSGSEND = YES;
				ENABLE_USER_SCRIPT_SANDBOXING = YES;
				GCC_C_LANGUAGE_STANDARD = gnu17;
				GCC_NO_COMMON_BLOCKS = YES;
				GCC_WARN_64_TO_32_BIT_CONVERSION = YES;
				GCC_WARN_ABOUT_RETURN_TYPE = YES_ERROR;
				GCC_WARN_UNDECLARED_SELECTOR = YES;
				GCC_WARN_UNINITIALIZED_AUTOS = YES_AGGRESSIVE;
				GCC_WARN_UNUSED_FUNCTION = YES;
				GCC_WARN_UNUSED_VARIABLE = YES;
				LOCALIZATION_PREFERS_STRING_CATALOGS = YES;
				MTL_ENABLE_DEBUG_INFO = NO;
				MTL_FAST_MATH = YES;
				SWIFT_COMPILATION_MODE = wholemodule;
			};
			name = Release;
		};
		D66649902B7ACC5600FF3A75 /* Debug */ = {
			isa = XCBuildConfiguration;
			buildSettings = {
				ASSETCATALOG_COMPILER_APPICON_NAME = AppIcon;
				ASSETCATALOG_COMPILER_GLOBAL_ACCENT_COLOR_NAME = AccentColor;
				CODE_SIGN_STYLE = Automatic;
				CURRENT_PROJECT_VERSION = 1;
				DEVELOPMENT_ASSET_PATHS = "\"Notes Watch App/Preview Content\"";
				ENABLE_PREVIEWS = YES;
				GENERATE_INFOPLIST_FILE = YES;
				INFOPLIST_KEY_CFBundleDisplayName = Notes;
				INFOPLIST_KEY_UISupportedInterfaceOrientations = "UIInterfaceOrientationPortrait UIInterfaceOrientationPortraitUpsideDown";
				INFOPLIST_KEY_WKWatchOnly = YES;
				LD_RUNPATH_SEARCH_PATHS = (
					"$(inherited)",
					"@executable_path/Frameworks",
				);
				MARKETING_VERSION = 1.0;
				PRODUCT_BUNDLE_IDENTIFIER = com.mustafatavasli.Notes.watchkitapp;
				PRODUCT_NAME = "$(TARGET_NAME)";
				SDKROOT = watchos;
				SKIP_INSTALL = YES;
				SWIFT_EMIT_LOC_STRINGS = YES;
				SWIFT_VERSION = 5.0;
				TARGETED_DEVICE_FAMILY = 4;
				WATCHOS_DEPLOYMENT_TARGET = 10.2;
			};
			name = Debug;
		};
		D66649912B7ACC5600FF3A75 /* Release */ = {
			isa = XCBuildConfiguration;
			buildSettings = {
				ASSETCATALOG_COMPILER_APPICON_NAME = AppIcon;
				ASSETCATALOG_COMPILER_GLOBAL_ACCENT_COLOR_NAME = AccentColor;
				CODE_SIGN_STYLE = Automatic;
				CURRENT_PROJECT_VERSION = 1;
				DEVELOPMENT_ASSET_PATHS = "\"Notes Watch App/Preview Content\"";
				ENABLE_PREVIEWS = YES;
				GENERATE_INFOPLIST_FILE = YES;
				INFOPLIST_KEY_CFBundleDisplayName = Notes;
				INFOPLIST_KEY_UISupportedInterfaceOrientations = "UIInterfaceOrientationPortrait UIInterfaceOrientationPortraitUpsideDown";
				INFOPLIST_KEY_WKWatchOnly = YES;
				LD_RUNPATH_SEARCH_PATHS = (
					"$(inherited)",
					"@executable_path/Frameworks",
				);
				MARKETING_VERSION = 1.0;
				PRODUCT_BUNDLE_IDENTIFIER = com.mustafatavasli.Notes.watchkitapp;
				PRODUCT_NAME = "$(TARGET_NAME)";
				SDKROOT = watchos;
				SKIP_INSTALL = YES;
				SWIFT_EMIT_LOC_STRINGS = YES;
				SWIFT_VERSION = 5.0;
				TARGETED_DEVICE_FAMILY = 4;
				VALIDATE_PRODUCT = YES;
				WATCHOS_DEPLOYMENT_TARGET = 10.2;
			};
			name = Release;
		};
		D66649942B7ACC5600FF3A75 /* Debug */ = {
			isa = XCBuildConfiguration;
			buildSettings = {
				ALWAYS_EMBED_SWIFT_STANDARD_LIBRARIES = YES;
				CODE_SIGN_STYLE = Automatic;
				CURRENT_PROJECT_VERSION = 1;
				INFOPLIST_KEY_CFBundleDisplayName = Notes;
				MARKETING_VERSION = 1.0;
				PRODUCT_BUNDLE_IDENTIFIER = com.mustafatavasli.Notes;
				PRODUCT_NAME = "$(TARGET_NAME)";
				SDKROOT = iphoneos;
				SWIFT_VERSION = 5.0;
			};
			name = Debug;
		};
		D66649952B7ACC5600FF3A75 /* Release */ = {
			isa = XCBuildConfiguration;
			buildSettings = {
				ALWAYS_EMBED_SWIFT_STANDARD_LIBRARIES = YES;
				CODE_SIGN_STYLE = Automatic;
				CURRENT_PROJECT_VERSION = 1;
				INFOPLIST_KEY_CFBundleDisplayName = Notes;
				MARKETING_VERSION = 1.0;
				PRODUCT_BUNDLE_IDENTIFIER = com.mustafatavasli.Notes;
				PRODUCT_NAME = "$(TARGET_NAME)";
				SDKROOT = iphoneos;
				SWIFT_VERSION = 5.0;
				VALIDATE_PRODUCT = YES;
			};
			name = Release;
		};
/* End XCBuildConfiguration section */

/* Begin XCConfigurationList section */
		D66649762B7ACC5400FF3A75 /* Build configuration list for PBXProject "Notes" */ = {
			isa = XCConfigurationList;
			buildConfigurations = (
				D666498D2B7ACC5600FF3A75 /* Debug */,
				D666498E2B7ACC5600FF3A75 /* Release */,
			);
			defaultConfigurationIsVisible = 0;
			defaultConfigurationName = Release;
		};
		D666498F2B7ACC5600FF3A75 /* Build configuration list for PBXNativeTarget "Notes Watch App" */ = {
			isa = XCConfigurationList;
			buildConfigurations = (
				D66649902B7ACC5600FF3A75 /* Debug */,
				D66649912B7ACC5600FF3A75 /* Release */,
			);
			defaultConfigurationIsVisible = 0;
			defaultConfigurationName = Release;
		};
		D66649932B7ACC5600FF3A75 /* Build configuration list for PBXNativeTarget "Notes" */ = {
			isa = XCConfigurationList;
			buildConfigurations = (
				D66649942B7ACC5600FF3A75 /* Debug */,
				D66649952B7ACC5600FF3A75 /* Release */,
			);
			defaultConfigurationIsVisible = 0;
			defaultConfigurationName = Release;
		};
/* End XCConfigurationList section */
	};
	rootObject = D66649732B7ACC5400FF3A75 /* Project object */;
}
